
Microsoft Visual Studio Solution File, Format Version 12.00
# Visual Studio Version 16
VisualStudioVersion = 16.0.30114.105
MinimumVisualStudioVersion = 10.0.40219.1
Project("{FAE04EC0-301F-11D3-BF4B-00C04F79EFBC}") = "Bolillero.Core", "Bolillero.Core\Bolillero.Core.csproj", "{52ABFA06-7043-4851-A3A2-AA2005B725E3}"
EndProject
Project("{FAE04EC0-301F-11D3-BF4B-00C04F79EFBC}") = "Bolillero.Test", "Bolillero.Test\Bolillero.Test.csproj", "{D0DEF9E5-54DC-4B27-A284-BA4E156955B7}"
EndProject
Global
	GlobalSection(SolutionConfigurationPlatforms) = preSolution
		Debug|Any CPU = Debug|Any CPU
		Debug|x64 = Debug|x64
		Debug|x86 = Debug|x86
		Release|Any CPU = Release|Any CPU
		Release|x64 = Release|x64
		Release|x86 = Release|x86
	EndGlobalSection
	GlobalSection(SolutionProperties) = preSolution
		HideSolutionNode = FALSE
	EndGlobalSection
	GlobalSection(ProjectConfigurationPlatforms) = postSolution
		{52ABFA06-7043-4851-A3A2-AA2005B725E3}.Debug|Any CPU.ActiveCfg = Debug|Any CPU
		{52ABFA06-7043-4851-A3A2-AA2005B725E3}.Debug|Any CPU.Build.0 = Debug|Any CPU
		{52ABFA06-7043-4851-A3A2-AA2005B725E3}.Debug|x64.ActiveCfg = Debug|Any CPU
		{52ABFA06-7043-4851-A3A2-AA2005B725E3}.Debug|x64.Build.0 = Debug|Any CPU
		{52ABFA06-7043-4851-A3A2-AA2005B725E3}.Debug|x86.ActiveCfg = Debug|Any CPU
		{52ABFA06-7043-4851-A3A2-AA2005B725E3}.Debug|x86.Build.0 = Debug|Any CPU
		{52ABFA06-7043-4851-A3A2-AA2005B725E3}.Release|Any CPU.ActiveCfg = Release|Any CPU
		{52ABFA06-7043-4851-A3A2-AA2005B725E3}.Release|Any CPU.Build.0 = Release|Any CPU
		{52ABFA06-7043-4851-A3A2-AA2005B725E3}.Release|x64.ActiveCfg = Release|Any CPU
		{52ABFA06-7043-4851-A3A2-AA2005B725E3}.Release|x64.Build.0 = Release|Any CPU
		{52ABFA06-7043-4851-A3A2-AA2005B725E3}.Release|x86.ActiveCfg = Release|Any CPU
		{52ABFA06-7043-4851-A3A2-AA2005B725E3}.Release|x86.Build.0 = Release|Any CPU
		{D0DEF9E5-54DC-4B27-A284-BA4E156955B7}.Debug|Any CPU.ActiveCfg = Debug|Any CPU
		{D0DEF9E5-54DC-4B27-A284-BA4E156955B7}.Debug|Any CPU.Build.0 = Debug|Any CPU
		{D0DEF9E5-54DC-4B27-A284-BA4E156955B7}.Debug|x64.ActiveCfg = Debug|Any CPU
		{D0DEF9E5-54DC-4B27-A284-BA4E156955B7}.Debug|x64.Build.0 = Debug|Any CPU
		{D0DEF9E5-54DC-4B27-A284-BA4E156955B7}.Debug|x86.ActiveCfg = Debug|Any CPU
		{D0DEF9E5-54DC-4B27-A284-BA4E156955B7}.Debug|x86.Build.0 = Debug|Any CPU
		{D0DEF9E5-54DC-4B27-A284-BA4E156955B7}.Release|Any CPU.ActiveCfg = Release|Any CPU
		{D0DEF9E5-54DC-4B27-A284-BA4E156955B7}.Release|Any CPU.Build.0 = Release|Any CPU
		{D0DEF9E5-54DC-4B27-A284-BA4E156955B7}.Release|x64.ActiveCfg = Release|Any CPU
		{D0DEF9E5-54DC-4B27-A284-BA4E156955B7}.Release|x64.Build.0 = Release|Any CPU
		{D0DEF9E5-54DC-4B27-A284-BA4E156955B7}.Release|x86.ActiveCfg = Release|Any CPU
		{D0DEF9E5-54DC-4B27-A284-BA4E156955B7}.Release|x86.Build.0 = Release|Any CPU
	EndGlobalSection
EndGlobal
